
Microsoft Visual Studio Solution File, Format Version 12.00
# Visual Studio Version 17
VisualStudioVersion = 17.9.34622.214
MinimumVisualStudioVersion = 10.0.40219.1
Project("{FAE04EC0-301F-11D3-BF4B-00C04F79EFBC}") = "add", "add\add.csproj", "{4D232CD7-22C2-4148-814E-075F61CF54F1}"
EndProject
Global
	GlobalSection(SolutionConfigurationPlatforms) = preSolution
		Debug|Any CPU = Debug|Any CPU
		Release|Any CPU = Release|Any CPU
	EndGlobalSection
	GlobalSection(ProjectConfigurationPlatforms) = postSolution
		{4D232CD7-22C2-4148-814E-075F61CF54F1}.Debug|Any CPU.ActiveCfg = Debug|Any CPU
		{4D232CD7-22C2-4148-814E-075F61CF54F1}.Debug|Any CPU.Build.0 = Debug|Any CPU
		{4D232CD7-22C2-4148-814E-075F61CF54F1}.Release|Any CPU.ActiveCfg = Release|Any CPU
		{4D232CD7-22C2-4148-814E-075F61CF54F1}.Release|Any CPU.Build.0 = Release|Any CPU
	EndGlobalSection
	GlobalSection(SolutionProperties) = preSolution
		HideSolutionNode = FALSE
	EndGlobalSection
	GlobalSection(ExtensibilityGlobals) = postSolution
		SolutionGuid = {CD3229E2-233C-4BF2-8B5D-6135CB650373}
	EndGlobalSection
EndGlobal
